// !$*UTF8*$!
{
	archiveVersion = 1;
	classes = {
	};
	objectVersion = 56;
	objects = {

/* Begin PBXBuildFile section */
		AB867F2A2AC48FE800B1854C /* AppDelegate.swift in Sources */ = {isa = PBXBuildFile; fileRef = AB867F292AC48FE800B1854C /* AppDelegate.swift */; };
		AB867F2C2AC48FE800B1854C /* SceneDelegate.swift in Sources */ = {isa = PBXBuildFile; fileRef = AB867F2B2AC48FE800B1854C /* SceneDelegate.swift */; };
		AB867F2E2AC48FE800B1854C /* ViewController.swift in Sources */ = {isa = PBXBuildFile; fileRef = AB867F2D2AC48FE800B1854C /* ViewController.swift */; };
		AB867F332AC48FEA00B1854C /* Assets.xcassets in Resources */ = {isa = PBXBuildFile; fileRef = AB867F322AC48FEA00B1854C /* Assets.xcassets */; };
		AB867F362AC48FEA00B1854C /* LaunchScreen.storyboard in Resources */ = {isa = PBXBuildFile; fileRef = AB867F342AC48FEA00B1854C /* LaunchScreen.storyboard */; };
		AB867F422AC4909500B1854C /* NavRootView.swift in Sources */ = {isa = PBXBuildFile; fileRef = AB867F412AC4909500B1854C /* NavRootView.swift */; };
		AB867F442AC4918600B1854C /* PresentedView.swift in Sources */ = {isa = PBXBuildFile; fileRef = AB867F432AC4918600B1854C /* PresentedView.swift */; };
		AB867F462AC498A100B1854C /* StateStore.swift in Sources */ = {isa = PBXBuildFile; fileRef = AB867F452AC498A100B1854C /* StateStore.swift */; };
		ABAB23EA2AC4A4F3002EED47 /* CustomPresentationController.swift in Sources */ = {isa = PBXBuildFile; fileRef = ABAB23E92AC4A4F3002EED47 /* CustomPresentationController.swift */; };
/* End PBXBuildFile section */

/* Begin PBXFileReference section */
		AB867F262AC48FE800B1854C /* SwiftUITransitionFrameIssues.app */ = {isa = PBXFileReference; explicitFileType = wrapper.application; includeInIndex = 0; path = SwiftUITransitionFrameIssues.app; sourceTree = BUILT_PRODUCTS_DIR; };
		AB867F292AC48FE800B1854C /* AppDelegate.swift */ = {isa = PBXFileReference; lastKnownFileType = sourcecode.swift; path = AppDelegate.swift; sourceTree = "<group>"; };
		AB867F2B2AC48FE800B1854C /* SceneDelegate.swift */ = {isa = PBXFileReference; lastKnownFileType = sourcecode.swift; path = SceneDelegate.swift; sourceTree = "<group>"; };
		AB867F2D2AC48FE800B1854C /* ViewController.swift */ = {isa = PBXFileReference; lastKnownFileType = sourcecode.swift; path = ViewController.swift; sourceTree = "<group>"; };
		AB867F322AC48FEA00B1854C /* Assets.xcassets */ = {isa = PBXFileReference; lastKnownFileType = folder.assetcatalog; path = Assets.xcassets; sourceTree = "<group>"; };
		AB867F352AC48FEA00B1854C /* Base */ = {isa = PBXFileReference; lastKnownFileType = file.storyboard; name = Base; path = Base.lproj/LaunchScreen.storyboard; sourceTree = "<group>"; };
		AB867F372AC48FEA00B1854C /* Info.plist */ = {isa = PBXFileReference; lastKnownFileType = text.plist.xml; path = Info.plist; sourceTree = "<group>"; };
		AB867F412AC4909500B1854C /* NavRootView.swift */ = {isa = PBXFileReference; lastKnownFileType = sourcecode.swift; path = NavRootView.swift; sourceTree = "<group>"; };
		AB867F432AC4918600B1854C /* PresentedView.swift */ = {isa = PBXFileReference; lastKnownFileType = sourcecode.swift; path = PresentedView.swift; sourceTree = "<group>"; };
		AB867F452AC498A100B1854C /* StateStore.swift */ = {isa = PBXFileReference; lastKnownFileType = sourcecode.swift; path = StateStore.swift; sourceTree = "<group>"; };
		ABAB23E92AC4A4F3002EED47 /* CustomPresentationController.swift */ = {isa = PBXFileReference; lastKnownFileType = sourcecode.swift; path = CustomPresentationController.swift; sourceTree = "<group>"; };
/* End PBXFileReference section */

/* Begin PBXFrameworksBuildPhase section */
		AB867F232AC48FE800B1854C /* Frameworks */ = {
			isa = PBXFrameworksBuildPhase;
			buildActionMask = 2147483647;
			files = (
			);
			runOnlyForDeploymentPostprocessing = 0;
		};
/* End PBXFrameworksBuildPhase section */

/* Begin PBXGroup section */
		AB867F1D2AC48FE800B1854C = {
			isa = PBXGroup;
			children = (
				AB867F282AC48FE800B1854C /* SwiftUITransitionFrameIssues */,
				AB867F272AC48FE800B1854C /* Products */,
			);
			sourceTree = "<group>";
		};
		AB867F272AC48FE800B1854C /* Products */ = {
			isa = PBXGroup;
			children = (
				AB867F262AC48FE800B1854C /* SwiftUITransitionFrameIssues.app */,
			);
			name = Products;
			sourceTree = "<group>";
		};
		AB867F282AC48FE800B1854C /* SwiftUITransitionFrameIssues */ = {
			isa = PBXGroup;
			children = (
				AB867F292AC48FE800B1854C /* AppDelegate.swift */,
				AB867F2B2AC48FE800B1854C /* SceneDelegate.swift */,
				AB867F2D2AC48FE800B1854C /* ViewController.swift */,
				AB867F322AC48FEA00B1854C /* Assets.xcassets */,
				AB867F342AC48FEA00B1854C /* LaunchScreen.storyboard */,
				AB867F372AC48FEA00B1854C /* Info.plist */,
				AB867F412AC4909500B1854C /* NavRootView.swift */,
				AB867F432AC4918600B1854C /* PresentedView.swift */,
				AB867F452AC498A100B1854C /* StateStore.swift */,
				ABAB23E92AC4A4F3002EED47 /* CustomPresentationController.swift */,
			);
			path = SwiftUITransitionFrameIssues;
			sourceTree = "<group>";
		};
/* End PBXGroup section */

/* Begin PBXNativeTarget section */
		AB867F252AC48FE800B1854C /* SwiftUITransitionFrameIssues */ = {
			isa = PBXNativeTarget;
			buildConfigurationList = AB867F3A2AC48FEA00B1854C /* Build configuration list for PBXNativeTarget "SwiftUITransitionFrameIssues" */;
			buildPhases = (
				AB867F222AC48FE800B1854C /* Sources */,
				AB867F232AC48FE800B1854C /* Frameworks */,
				AB867F242AC48FE800B1854C /* Resources */,
			);
			buildRules = (
			);
			dependencies = (
			);
			name = SwiftUITransitionFrameIssues;
			productName = SwiftUITransitionFrameIssues;
			productReference = AB867F262AC48FE800B1854C /* SwiftUITransitionFrameIssues.app */;
			productType = "com.apple.product-type.application";
		};
/* End PBXNativeTarget section */

/* Begin PBXProject section */
		AB867F1E2AC48FE800B1854C /* Project object */ = {
			isa = PBXProject;
			attributes = {
				BuildIndependentTargetsInParallel = 1;
				LastSwiftUpdateCheck = 1430;
				LastUpgradeCheck = 1430;
				TargetAttributes = {
					AB867F252AC48FE800B1854C = {
						CreatedOnToolsVersion = 14.3.1;
					};
				};
			};
			buildConfigurationList = AB867F212AC48FE800B1854C /* Build configuration list for PBXProject "SwiftUITransitionFrameIssues" */;
			compatibilityVersion = "Xcode 14.0";
			developmentRegion = en;
			hasScannedForEncodings = 0;
			knownRegions = (
				en,
				Base,
			);
			mainGroup = AB867F1D2AC48FE800B1854C;
			productRefGroup = AB867F272AC48FE800B1854C /* Products */;
			projectDirPath = "";
			projectRoot = "";
			targets = (
				AB867F252AC48FE800B1854C /* SwiftUITransitionFrameIssues */,
			);
		};
/* End PBXProject section */

/* Begin PBXResourcesBuildPhase section */
		AB867F242AC48FE800B1854C /* Resources */ = {
			isa = PBXResourcesBuildPhase;
			buildActionMask = 2147483647;
			files = (
				AB867F362AC48FEA00B1854C /* LaunchScreen.storyboard in Resources */,
				AB867F332AC48FEA00B1854C /* Assets.xcassets in Resources */,
			);
			runOnlyForDeploymentPostprocessing = 0;
		};
/* End PBXResourcesBuildPhase section */

/* Begin PBXSourcesBuildPhase section */
		AB867F222AC48FE800B1854C /* Sources */ = {
			isa = PBXSourcesBuildPhase;
			buildActionMask = 2147483647;
			files = (
				ABAB23EA2AC4A4F3002EED47 /* CustomPresentationController.swift in Sources */,
				AB867F422AC4909500B1854C /* NavRootView.swift in Sources */,
				AB867F442AC4918600B1854C /* PresentedView.swift in Sources */,
				AB867F2E2AC48FE800B1854C /* ViewController.swift in Sources */,
				AB867F2A2AC48FE800B1854C /* AppDelegate.swift in Sources */,
				AB867F2C2AC48FE800B1854C /* SceneDelegate.swift in Sources */,
				AB867F462AC498A100B1854C /* StateStore.swift in Sources */,
			);
			runOnlyForDeploymentPostprocessing = 0;
		};
/* End PBXSourcesBuildPhase section */

/* Begin PBXVariantGroup section */
		AB867F342AC48FEA00B1854C /* LaunchScreen.storyboard */ = {
			isa = PBXVariantGroup;
			children = (
				AB867F352AC48FEA00B1854C /* Base */,
			);
			name = LaunchScreen.storyboard;
			sourceTree = "<group>";
		};
/* End PBXVariantGroup section */

/* Begin XCBuildConfiguration section */
		AB867F382AC48FEA00B1854C /* Debug */ = {
			isa = XCBuildConfiguration;
			buildSettings = {
				ALWAYS_SEARCH_USER_PATHS = NO;
				CLANG_ANALYZER_NONNULL = YES;
				CLANG_ANALYZER_NUMBER_OBJECT_CONVERSION = YES_AGGRESSIVE;
				CLANG_CXX_LANGUAGE_STANDARD = "gnu++20";
				CLANG_ENABLE_MODULES = YES;
				CLANG_ENABLE_OBJC_ARC = YES;
				CLANG_ENABLE_OBJC_WEAK = YES;
				CLANG_WARN_BLOCK_CAPTURE_AUTORELEASING = YES;
				CLANG_WARN_BOOL_CONVERSION = YES;
				CLANG_WARN_COMMA = YES;
				CLANG_WARN_CONSTANT_CONVERSION = YES;
				CLANG_WARN_DEPRECATED_OBJC_IMPLEMENTATIONS = YES;
				CLANG_WARN_DIRECT_OBJC_ISA_USAGE = YES_ERROR;
				CLANG_WARN_DOCUMENTATION_COMMENTS = YES;
				CLANG_WARN_EMPTY_BODY = YES;
				CLANG_WARN_ENUM_CONVERSION = YES;
				CLANG_WARN_INFINITE_RECURSION = YES;
				CLANG_WARN_INT_CONVERSION = YES;
				CLANG_WARN_NON_LITERAL_NULL_CONVERSION = YES;
				CLANG_WARN_OBJC_IMPLICIT_RETAIN_SELF = YES;
				CLANG_WARN_OBJC_LITERAL_CONVERSION = YES;
				CLANG_WARN_OBJC_ROOT_CLASS = YES_ERROR;
				CLANG_WARN_QUOTED_INCLUDE_IN_FRAMEWORK_HEADER = YES;
				CLANG_WARN_RANGE_LOOP_ANALYSIS = YES;
				CLANG_WARN_STRICT_PROTOTYPES = YES;
				CLANG_WARN_SUSPICIOUS_MOVE = YES;
				CLANG_WARN_UNGUARDED_AVAILABILITY = YES_AGGRESSIVE;
				CLANG_WARN_UNREACHABLE_CODE = YES;
				CLANG_WARN__DUPLICATE_METHOD_MATCH = YES;
				COPY_PHASE_STRIP = NO;
				DEBUG_INFORMATION_FORMAT = dwarf;
				ENABLE_STRICT_OBJC_MSGSEND = YES;
				ENABLE_TESTABILITY = YES;
				GCC_C_LANGUAGE_STANDARD = gnu11;
				GCC_DYNAMIC_NO_PIC = NO;
				GCC_NO_COMMON_BLOCKS = YES;
				GCC_OPTIMIZATION_LEVEL = 0;
				GCC_PREPROCESSOR_DEFINITIONS = (
					"DEBUG=1",
					"$(inherited)",
				);
				GCC_WARN_64_TO_32_BIT_CONVERSION = YES;
				GCC_WARN_ABOUT_RETURN_TYPE = YES_ERROR;
				GCC_WARN_UNDECLARED_SELECTOR = YES;
				GCC_WARN_UNINITIALIZED_AUTOS = YES_AGGRESSIVE;
				GCC_WARN_UNUSED_FUNCTION = YES;
				GCC_WARN_UNUSED_VARIABLE = YES;
				IPHONEOS_DEPLOYMENT_TARGET = 16.4;
				MTL_ENABLE_DEBUG_INFO = INCLUDE_SOURCE;
				MTL_FAST_MATH = YES;
				ONLY_ACTIVE_ARCH = YES;
				SDKROOT = iphoneos;
				SWIFT_ACTIVE_COMPILATION_CONDITIONS = DEBUG;
				SWIFT_OPTIMIZATION_LEVEL = "-Onone";
			};
			name = Debug;
		};
		AB867F392AC48FEA00B1854C /* Release */ = {
			isa = XCBuildConfiguration;
			buildSettings = {
				ALWAYS_SEARCH_USER_PATHS = NO;
				CLANG_ANALYZER_NONNULL = YES;
				CLANG_ANALYZER_NUMBER_OBJECT_CONVERSION = YES_AGGRESSIVE;
				CLANG_CXX_LANGUAGE_STANDARD = "gnu++20";
				CLANG_ENABLE_MODULES = YES;
				CLANG_ENABLE_OBJC_ARC = YES;
				CLANG_ENABLE_OBJC_WEAK = YES;
				CLANG_WARN_BLOCK_CAPTURE_AUTORELEASING = YES;
				CLANG_WARN_BOOL_CONVERSION = YES;
				CLANG_WARN_COMMA = YES;
				CLANG_WARN_CONSTANT_CONVERSION = YES;
				CLANG_WARN_DEPRECATED_OBJC_IMPLEMENTATIONS = YES;
				CLANG_WARN_DIRECT_OBJC_ISA_USAGE = YES_ERROR;
				CLANG_WARN_DOCUMENTATION_COMMENTS = YES;
				CLANG_WARN_EMPTY_BODY = YES;
				CLANG_WARN_ENUM_CONVERSION = YES;
				CLANG_WARN_INFINITE_RECURSION = YES;
				CLANG_WARN_INT_CONVERSION = YES;
				CLANG_WARN_NON_LITERAL_NULL_CONVERSION = YES;
				CLANG_WARN_OBJC_IMPLICIT_RETAIN_SELF = YES;
				CLANG_WARN_OBJC_LITERAL_CONVERSION = YES;
				CLANG_WARN_OBJC_ROOT_CLASS = YES_ERROR;
				CLANG_WARN_QUOTED_INCLUDE_IN_FRAMEWORK_HEADER = YES;
				CLANG_WARN_RANGE_LOOP_ANALYSIS = YES;
				CLANG_WARN_STRICT_PROTOTYPES = YES;
				CLANG_WARN_SUSPICIOUS_MOVE = YES;
				CLANG_WARN_UNGUARDED_AVAILABILITY = YES_AGGRESSIVE;
				CLANG_WARN_UNREACHABLE_CODE = YES;
				CLANG_WARN__DUPLICATE_METHOD_MATCH = YES;
				COPY_PHASE_STRIP = NO;
				DEBUG_INFORMATION_FORMAT = "dwarf-with-dsym";
				ENABLE_NS_ASSERTIONS = NO;
				ENABLE_STRICT_OBJC_MSGSEND = YES;
				GCC_C_LANGUAGE_STANDARD = gnu11;
				GCC_NO_COMMON_BLOCKS = YES;
				GCC_WARN_64_TO_32_BIT_CONVERSION = YES;
				GCC_WARN_ABOUT_RETURN_TYPE = YES_ERROR;
				GCC_WARN_UNDECLARED_SELECTOR = YES;
				GCC_WARN_UNINITIALIZED_AUTOS = YES_AGGRESSIVE;
				GCC_WARN_UNUSED_FUNCTION = YES;
				GCC_WARN_UNUSED_VARIABLE = YES;
				IPHONEOS_DEPLOYMENT_TARGET = 16.4;
				MTL_ENABLE_DEBUG_INFO = NO;
				MTL_FAST_MATH = YES;
				SDKROOT = iphoneos;
				SWIFT_COMPILATION_MODE = wholemodule;
				SWIFT_OPTIMIZATION_LEVEL = "-O";
				VALIDATE_PRODUCT = YES;
			};
			name = Release;
		};
		AB867F3B2AC48FEA00B1854C /* Debug */ = {
			isa = XCBuildConfiguration;
			buildSettings = {
				ASSETCATALOG_COMPILER_APPICON_NAME = AppIcon;
				ASSETCATALOG_COMPILER_GLOBAL_ACCENT_COLOR_NAME = AccentColor;
				CODE_SIGN_STYLE = Automatic;
				CURRENT_PROJECT_VERSION = 1;
				DEVELOPMENT_TEAM = 4NDLYWV5T9;
				GENERATE_INFOPLIST_FILE = YES;
				INFOPLIST_FILE = SwiftUITransitionFrameIssues/Info.plist;
				INFOPLIST_KEY_UIApplicationSupportsIndirectInputEvents = YES;
				INFOPLIST_KEY_UILaunchStoryboardName = LaunchScreen;
				INFOPLIST_KEY_UISupportedInterfaceOrientations_iPad = "UIInterfaceOrientationPortrait UIInterfaceOrientationPortraitUpsideDown UIInterfaceOrientationLandscapeLeft UIInterfaceOrientationLandscapeRight";
				INFOPLIST_KEY_UISupportedInterfaceOrientations_iPhone = "UIInterfaceOrientationPortrait UIInterfaceOrientationLandscapeLeft UIInterfaceOrientationLandscapeRight";
				LD_RUNPATH_SEARCH_PATHS = (
					"$(inherited)",
					"@executable_path/Frameworks",
				);
				MARKETING_VERSION = 1.0;
				PRODUCT_BUNDLE_IDENTIFIER = com.airbnb.frame.issues.SwiftUITransitionFrameIssues;
				PRODUCT_NAME = "$(TARGET_NAME)";
				SWIFT_EMIT_LOC_STRINGS = YES;
				SWIFT_VERSION = 5.0;
				TARGETED_DEVICE_FAMILY = "1,2";
			};
			name = Debug;
		};
		AB867F3C2AC48FEA00B1854C /* Release */ = {
			isa = XCBuildConfiguration;
			buildSettings = {
				ASSETCATALOG_COMPILER_APPICON_NAME = AppIcon;
				ASSETCATALOG_COMPILER_GLOBAL_ACCENT_COLOR_NAME = AccentColor;
				CODE_SIGN_STYLE = Automatic;
				CURRENT_PROJECT_VERSION = 1;
				DEVELOPMENT_TEAM = 4NDLYWV5T9;
				GENERATE_INFOPLIST_FILE = YES;
				INFOPLIST_FILE = SwiftUITransitionFrameIssues/Info.plist;
				INFOPLIST_KEY_UIApplicationSupportsIndirectInputEvents = YES;
				INFOPLIST_KEY_UILaunchStoryboardName = LaunchScreen;
				INFOPLIST_KEY_UISupportedInterfaceOrientations_iPad = "UIInterfaceOrientationPortrait UIInterfaceOrientationPortraitUpsideDown UIInterfaceOrientationLandscapeLeft UIInterfaceOrientationLandscapeRight";
				INFOPLIST_KEY_UISupportedInterfaceOrientations_iPhone = "UIInterfaceOrientationPortrait UIInterfaceOrientationLandscapeLeft UIInterfaceOrientationLandscapeRight";
				LD_RUNPATH_SEARCH_PATHS = (
					"$(inherited)",
					"@executable_path/Frameworks",
				);
				MARKETING_VERSION = 1.0;
				PRODUCT_BUNDLE_IDENTIFIER = com.airbnb.frame.issues.SwiftUITransitionFrameIssues;
				PRODUCT_NAME = "$(TARGET_NAME)";
				SWIFT_EMIT_LOC_STRINGS = YES;
				SWIFT_VERSION = 5.0;
				TARGETED_DEVICE_FAMILY = "1,2";
			};
			name = Release;
		};
/* End XCBuildConfiguration section */

/* Begin XCConfigurationList section */
		AB867F212AC48FE800B1854C /* Build configuration list for PBXProject "SwiftUITransitionFrameIssues" */ = {
			isa = XCConfigurationList;
			buildConfigurations = (
				AB867F382AC48FEA00B1854C /* Debug */,
				AB867F392AC48FEA00B1854C /* Release */,
			);
			defaultConfigurationIsVisible = 0;
			defaultConfigurationName = Release;
		};
		AB867F3A2AC48FEA00B1854C /* Build configuration list for PBXNativeTarget "SwiftUITransitionFrameIssues" */ = {
			isa = XCConfigurationList;
			buildConfigurations = (
				AB867F3B2AC48FEA00B1854C /* Debug */,
				AB867F3C2AC48FEA00B1854C /* Release */,
			);
			defaultConfigurationIsVisible = 0;
			defaultConfigurationName = Release;
		};
/* End XCConfigurationList section */
	};
	rootObject = AB867F1E2AC48FE800B1854C /* Project object */;
}
